{
  "object": {
    "pins": [
      {
        "package": "DifferenceKit",
        "repositoryURL": "git@github.com:ra1028/DifferenceKit.git",
        "state": {
          "branch": null,
          "revision": "4eb31f8e85e4cb13732f9664d6e01e507cd592a0",
          "version": "1.1.3"
        }
      },
      {
        "package": "RevHash",
        "repositoryURL": "git@github.com:LinusU/RevHash.swift.git",
        "state": {
          "branch": null,
          "revision": "f4fd8c156768dfb57d3f37dd8bd45c65fa806f66",
          "version": "1.0.0"
        }
      }
    ]
  },
  "version": 1
}
