// !$*UTF8*$!
{
	archiveVersion = 1;
	classes = {
	};
	objectVersion = 52;
	objects = {

/* Begin PBXBuildFile section */
		5C58400A23872B0600D70D0E /* FileTypes.swift in Sources */ = {isa = PBXBuildFile; fileRef = 5C58400923872B0600D70D0E /* FileTypes.swift */; };
		5C58400C23884B7C00D70D0E /* FileTypesTests.swift in Sources */ = {isa = PBXBuildFile; fileRef = 5C58400B23884B7C00D70D0E /* FileTypesTests.swift */; };
		5CEF591123749ABD0067BA31 /* AppDelegate.swift in Sources */ = {isa = PBXBuildFile; fileRef = 5CEF591023749ABD0067BA31 /* AppDelegate.swift */; };
		5CEF591323749ABD0067BA31 /* ViewController.swift in Sources */ = {isa = PBXBuildFile; fileRef = 5CEF591223749ABD0067BA31 /* ViewController.swift */; };
		5CEF591523749ABE0067BA31 /* Assets.xcassets in Resources */ = {isa = PBXBuildFile; fileRef = 5CEF591423749ABE0067BA31 /* Assets.xcassets */; };
		5CEF591823749ABE0067BA31 /* Main.storyboard in Resources */ = {isa = PBXBuildFile; fileRef = 5CEF591623749ABE0067BA31 /* Main.storyboard */; };
		5CEF592423749ABE0067BA31 /* SyncTunesTests.swift in Sources */ = {isa = PBXBuildFile; fileRef = 5CEF592323749ABE0067BA31 /* SyncTunesTests.swift */; };
		5CEF592F23749ABE0067BA31 /* SyncTunesUITests.swift in Sources */ = {isa = PBXBuildFile; fileRef = 5CEF592E23749ABE0067BA31 /* SyncTunesUITests.swift */; };
		5CEF593E23749B8C0067BA31 /* RevHash in Frameworks */ = {isa = PBXBuildFile; productRef = 5CEF593D23749B8C0067BA31 /* RevHash */; };
		5CEF594123749C280067BA31 /* DifferenceKit in Frameworks */ = {isa = PBXBuildFile; productRef = 5CEF594023749C280067BA31 /* DifferenceKit */; };
		5CEF59462374A0D40067BA31 /* Playlist.swift in Sources */ = {isa = PBXBuildFile; fileRef = 5CEF59452374A0D40067BA31 /* Playlist.swift */; };
		5CEF59482374A13B0067BA31 /* Track.swift in Sources */ = {isa = PBXBuildFile; fileRef = 5CEF59472374A13B0067BA31 /* Track.swift */; };
		5CEF594A2374A15F0067BA31 /* PlaylistTests.swift in Sources */ = {isa = PBXBuildFile; fileRef = 5CEF59492374A15F0067BA31 /* PlaylistTests.swift */; };
		5CEF594D2374A1B70067BA31 /* ConsoleIO.swift in Sources */ = {isa = PBXBuildFile; fileRef = 5CEF594C2374A1B60067BA31 /* ConsoleIO.swift */; };
		5CEF594F2374A8820067BA31 /* TestFiles in Resources */ = {isa = PBXBuildFile; fileRef = 5CEF594E2374A8820067BA31 /* TestFiles */; };
		5CEF5951237609CF0067BA31 /* TrackTests.swift in Sources */ = {isa = PBXBuildFile; fileRef = 5CEF5950237609CF0067BA31 /* TrackTests.swift */; };
/* End PBXBuildFile section */

/* Begin PBXContainerItemProxy section */
		5CEF592023749ABE0067BA31 /* PBXContainerItemProxy */ = {
			isa = PBXContainerItemProxy;
			containerPortal = 5CEF590523749ABD0067BA31 /* Project object */;
			proxyType = 1;
			remoteGlobalIDString = 5CEF590C23749ABD0067BA31;
			remoteInfo = SyncTunes;
		};
		5CEF592B23749ABE0067BA31 /* PBXContainerItemProxy */ = {
			isa = PBXContainerItemProxy;
			containerPortal = 5CEF590523749ABD0067BA31 /* Project object */;
			proxyType = 1;
			remoteGlobalIDString = 5CEF590C23749ABD0067BA31;
			remoteInfo = SyncTunes;
		};
/* End PBXContainerItemProxy section */

/* Begin PBXFileReference section */
		5C58400923872B0600D70D0E /* FileTypes.swift */ = {isa = PBXFileReference; lastKnownFileType = sourcecode.swift; path = FileTypes.swift; sourceTree = "<group>"; };
		5C58400B23884B7C00D70D0E /* FileTypesTests.swift */ = {isa = PBXFileReference; lastKnownFileType = sourcecode.swift; path = FileTypesTests.swift; sourceTree = "<group>"; };
		5CEF590D23749ABD0067BA31 /* SyncTunes.app */ = {isa = PBXFileReference; explicitFileType = wrapper.application; includeInIndex = 0; path = SyncTunes.app; sourceTree = BUILT_PRODUCTS_DIR; };
		5CEF591023749ABD0067BA31 /* AppDelegate.swift */ = {isa = PBXFileReference; lastKnownFileType = sourcecode.swift; path = AppDelegate.swift; sourceTree = "<group>"; };
		5CEF591223749ABD0067BA31 /* ViewController.swift */ = {isa = PBXFileReference; lastKnownFileType = sourcecode.swift; path = ViewController.swift; sourceTree = "<group>"; };
		5CEF591423749ABE0067BA31 /* Assets.xcassets */ = {isa = PBXFileReference; lastKnownFileType = folder.assetcatalog; path = Assets.xcassets; sourceTree = "<group>"; };
		5CEF591723749ABE0067BA31 /* Base */ = {isa = PBXFileReference; lastKnownFileType = file.storyboard; name = Base; path = Base.lproj/Main.storyboard; sourceTree = "<group>"; };
		5CEF591923749ABE0067BA31 /* Info.plist */ = {isa = PBXFileReference; lastKnownFileType = text.plist.xml; path = Info.plist; sourceTree = "<group>"; };
		5CEF591A23749ABE0067BA31 /* SyncTunes.entitlements */ = {isa = PBXFileReference; lastKnownFileType = text.plist.entitlements; path = SyncTunes.entitlements; sourceTree = "<group>"; };
		5CEF591F23749ABE0067BA31 /* SyncTunesTests.xctest */ = {isa = PBXFileReference; explicitFileType = wrapper.cfbundle; includeInIndex = 0; path = SyncTunesTests.xctest; sourceTree = BUILT_PRODUCTS_DIR; };
		5CEF592323749ABE0067BA31 /* SyncTunesTests.swift */ = {isa = PBXFileReference; lastKnownFileType = sourcecode.swift; path = SyncTunesTests.swift; sourceTree = "<group>"; };
		5CEF592523749ABE0067BA31 /* Info.plist */ = {isa = PBXFileReference; lastKnownFileType = text.plist.xml; path = Info.plist; sourceTree = "<group>"; };
		5CEF592A23749ABE0067BA31 /* SyncTunesUITests.xctest */ = {isa = PBXFileReference; explicitFileType = wrapper.cfbundle; includeInIndex = 0; path = SyncTunesUITests.xctest; sourceTree = BUILT_PRODUCTS_DIR; };
		5CEF592E23749ABE0067BA31 /* SyncTunesUITests.swift */ = {isa = PBXFileReference; lastKnownFileType = sourcecode.swift; path = SyncTunesUITests.swift; sourceTree = "<group>"; };
		5CEF593023749ABE0067BA31 /* Info.plist */ = {isa = PBXFileReference; lastKnownFileType = text.plist.xml; path = Info.plist; sourceTree = "<group>"; };
		5CEF594223749D710067BA31 /* SyncTunes_Unit.xctestplan */ = {isa = PBXFileReference; lastKnownFileType = text; path = SyncTunes_Unit.xctestplan; sourceTree = SOURCE_ROOT; };
		5CEF594323749E070067BA31 /* SyncTunes_UI.xctestplan */ = {isa = PBXFileReference; lastKnownFileType = text; path = SyncTunes_UI.xctestplan; sourceTree = SOURCE_ROOT; };
		5CEF59452374A0D40067BA31 /* Playlist.swift */ = {isa = PBXFileReference; fileEncoding = 4; lastKnownFileType = sourcecode.swift; path = Playlist.swift; sourceTree = "<group>"; };
		5CEF59472374A13B0067BA31 /* Track.swift */ = {isa = PBXFileReference; fileEncoding = 4; lastKnownFileType = sourcecode.swift; path = Track.swift; sourceTree = "<group>"; };
		5CEF59492374A15F0067BA31 /* PlaylistTests.swift */ = {isa = PBXFileReference; lastKnownFileType = sourcecode.swift; path = PlaylistTests.swift; sourceTree = "<group>"; };
		5CEF594C2374A1B60067BA31 /* ConsoleIO.swift */ = {isa = PBXFileReference; fileEncoding = 4; lastKnownFileType = sourcecode.swift; path = ConsoleIO.swift; sourceTree = "<group>"; };
		5CEF594E2374A8820067BA31 /* TestFiles */ = {isa = PBXFileReference; lastKnownFileType = folder; path = TestFiles; sourceTree = "<group>"; };
		5CEF5950237609CF0067BA31 /* TrackTests.swift */ = {isa = PBXFileReference; lastKnownFileType = sourcecode.swift; path = TrackTests.swift; sourceTree = "<group>"; };
/* End PBXFileReference section */

/* Begin PBXFrameworksBuildPhase section */
		5CEF590A23749ABD0067BA31 /* Frameworks */ = {
			isa = PBXFrameworksBuildPhase;
			buildActionMask = 2147483647;
			files = (
				5CEF594123749C280067BA31 /* DifferenceKit in Frameworks */,
				5CEF593E23749B8C0067BA31 /* RevHash in Frameworks */,
			);
			runOnlyForDeploymentPostprocessing = 0;
		};
		5CEF591C23749ABE0067BA31 /* Frameworks */ = {
			isa = PBXFrameworksBuildPhase;
			buildActionMask = 2147483647;
			files = (
			);
			runOnlyForDeploymentPostprocessing = 0;
		};
		5CEF592723749ABE0067BA31 /* Frameworks */ = {
			isa = PBXFrameworksBuildPhase;
			buildActionMask = 2147483647;
			files = (
			);
			runOnlyForDeploymentPostprocessing = 0;
		};
/* End PBXFrameworksBuildPhase section */

/* Begin PBXGroup section */
		5CEF590423749ABD0067BA31 = {
			isa = PBXGroup;
			children = (
				5CEF590F23749ABD0067BA31 /* SyncTunes */,
				5CEF592223749ABE0067BA31 /* SyncTunesTests */,
				5CEF592D23749ABE0067BA31 /* SyncTunesUITests */,
				5CEF594E2374A8820067BA31 /* TestFiles */,
				5CEF590E23749ABD0067BA31 /* Products */,
			);
			sourceTree = "<group>";
		};
		5CEF590E23749ABD0067BA31 /* Products */ = {
			isa = PBXGroup;
			children = (
				5CEF590D23749ABD0067BA31 /* SyncTunes.app */,
				5CEF591F23749ABE0067BA31 /* SyncTunesTests.xctest */,
				5CEF592A23749ABE0067BA31 /* SyncTunesUITests.xctest */,
			);
			name = Products;
			sourceTree = "<group>";
		};
		5CEF590F23749ABD0067BA31 /* SyncTunes */ = {
			isa = PBXGroup;
			children = (
				5CEF591023749ABD0067BA31 /* AppDelegate.swift */,
				5CEF591223749ABD0067BA31 /* ViewController.swift */,
				5CEF59442374A0D40067BA31 /* models */,
				5CEF594B2374A1B60067BA31 /* utils */,
				5CEF594223749D710067BA31 /* SyncTunes_Unit.xctestplan */,
				5CEF594323749E070067BA31 /* SyncTunes_UI.xctestplan */,
				5CEF591423749ABE0067BA31 /* Assets.xcassets */,
				5CEF591623749ABE0067BA31 /* Main.storyboard */,
				5CEF591923749ABE0067BA31 /* Info.plist */,
				5CEF591A23749ABE0067BA31 /* SyncTunes.entitlements */,
			);
			path = SyncTunes;
			sourceTree = "<group>";
		};
		5CEF592223749ABE0067BA31 /* SyncTunesTests */ = {
			isa = PBXGroup;
			children = (
				5CEF592323749ABE0067BA31 /* SyncTunesTests.swift */,
				5CEF59492374A15F0067BA31 /* PlaylistTests.swift */,
				5C58400B23884B7C00D70D0E /* FileTypesTests.swift */,
				5CEF5950237609CF0067BA31 /* TrackTests.swift */,
				5CEF592523749ABE0067BA31 /* Info.plist */,
			);
			path = SyncTunesTests;
			sourceTree = "<group>";
		};
		5CEF592D23749ABE0067BA31 /* SyncTunesUITests */ = {
			isa = PBXGroup;
			children = (
				5CEF592E23749ABE0067BA31 /* SyncTunesUITests.swift */,
				5CEF593023749ABE0067BA31 /* Info.plist */,
			);
			path = SyncTunesUITests;
			sourceTree = "<group>";
		};
		5CEF59442374A0D40067BA31 /* models */ = {
			isa = PBXGroup;
			children = (
				5CEF59452374A0D40067BA31 /* Playlist.swift */,
				5CEF59472374A13B0067BA31 /* Track.swift */,
				5C58400923872B0600D70D0E /* FileTypes.swift */,
			);
			path = models;
			sourceTree = "<group>";
		};
		5CEF594B2374A1B60067BA31 /* utils */ = {
			isa = PBXGroup;
			children = (
				5CEF594C2374A1B60067BA31 /* ConsoleIO.swift */,
			);
			path = utils;
			sourceTree = "<group>";
		};
/* End PBXGroup section */

/* Begin PBXNativeTarget section */
		5CEF590C23749ABD0067BA31 /* SyncTunes */ = {
			isa = PBXNativeTarget;
			buildConfigurationList = 5CEF593323749ABE0067BA31 /* Build configuration list for PBXNativeTarget "SyncTunes" */;
			buildPhases = (
				5CEF590923749ABD0067BA31 /* Sources */,
				5CEF590A23749ABD0067BA31 /* Frameworks */,
				5CEF590B23749ABD0067BA31 /* Resources */,
			);
			buildRules = (
			);
			dependencies = (
			);
			name = SyncTunes;
			packageProductDependencies = (
				5CEF593D23749B8C0067BA31 /* RevHash */,
				5CEF594023749C280067BA31 /* DifferenceKit */,
			);
			productName = SyncTunes;
			productReference = 5CEF590D23749ABD0067BA31 /* SyncTunes.app */;
			productType = "com.apple.product-type.application";
		};
		5CEF591E23749ABE0067BA31 /* SyncTunesTests */ = {
			isa = PBXNativeTarget;
			buildConfigurationList = 5CEF593623749ABE0067BA31 /* Build configuration list for PBXNativeTarget "SyncTunesTests" */;
			buildPhases = (
				5CEF591B23749ABE0067BA31 /* Sources */,
				5CEF591C23749ABE0067BA31 /* Frameworks */,
				5CEF591D23749ABE0067BA31 /* Resources */,
			);
			buildRules = (
			);
			dependencies = (
				5CEF592123749ABE0067BA31 /* PBXTargetDependency */,
			);
			name = SyncTunesTests;
			productName = SyncTunesTests;
			productReference = 5CEF591F23749ABE0067BA31 /* SyncTunesTests.xctest */;
			productType = "com.apple.product-type.bundle.unit-test";
		};
		5CEF592923749ABE0067BA31 /* SyncTunesUITests */ = {
			isa = PBXNativeTarget;
			buildConfigurationList = 5CEF593923749ABE0067BA31 /* Build configuration list for PBXNativeTarget "SyncTunesUITests" */;
			buildPhases = (
				5CEF592623749ABE0067BA31 /* Sources */,
				5CEF592723749ABE0067BA31 /* Frameworks */,
				5CEF592823749ABE0067BA31 /* Resources */,
			);
			buildRules = (
			);
			dependencies = (
				5CEF592C23749ABE0067BA31 /* PBXTargetDependency */,
			);
			name = SyncTunesUITests;
			productName = SyncTunesUITests;
			productReference = 5CEF592A23749ABE0067BA31 /* SyncTunesUITests.xctest */;
			productType = "com.apple.product-type.bundle.ui-testing";
		};
/* End PBXNativeTarget section */

/* Begin PBXProject section */
		5CEF590523749ABD0067BA31 /* Project object */ = {
			isa = PBXProject;
			attributes = {
				LastSwiftUpdateCheck = 1120;
				LastUpgradeCheck = 1120;
				ORGANIZATIONNAME = buhler.me;
				TargetAttributes = {
					5CEF590C23749ABD0067BA31 = {
						CreatedOnToolsVersion = 11.2;
					};
					5CEF591E23749ABE0067BA31 = {
						CreatedOnToolsVersion = 11.2;
						TestTargetID = 5CEF590C23749ABD0067BA31;
					};
					5CEF592923749ABE0067BA31 = {
						CreatedOnToolsVersion = 11.2;
						TestTargetID = 5CEF590C23749ABD0067BA31;
					};
				};
			};
			buildConfigurationList = 5CEF590823749ABD0067BA31 /* Build configuration list for PBXProject "SyncTunes" */;
			compatibilityVersion = "Xcode 9.3";
			developmentRegion = en;
			hasScannedForEncodings = 0;
			knownRegions = (
				en,
				Base,
			);
			mainGroup = 5CEF590423749ABD0067BA31;
			packageReferences = (
				5CEF593C23749B8C0067BA31 /* XCRemoteSwiftPackageReference "RevHash.swift" */,
				5CEF593F23749C280067BA31 /* XCRemoteSwiftPackageReference "DifferenceKit" */,
			);
			productRefGroup = 5CEF590E23749ABD0067BA31 /* Products */;
			projectDirPath = "";
			projectRoot = "";
			targets = (
				5CEF590C23749ABD0067BA31 /* SyncTunes */,
				5CEF591E23749ABE0067BA31 /* SyncTunesTests */,
				5CEF592923749ABE0067BA31 /* SyncTunesUITests */,
			);
		};
/* End PBXProject section */

/* Begin PBXResourcesBuildPhase section */
		5CEF590B23749ABD0067BA31 /* Resources */ = {
			isa = PBXResourcesBuildPhase;
			buildActionMask = 2147483647;
			files = (
				5CEF591523749ABE0067BA31 /* Assets.xcassets in Resources */,
				5CEF591823749ABE0067BA31 /* Main.storyboard in Resources */,
			);
			runOnlyForDeploymentPostprocessing = 0;
		};
		5CEF591D23749ABE0067BA31 /* Resources */ = {
			isa = PBXResourcesBuildPhase;
			buildActionMask = 2147483647;
			files = (
				5CEF594F2374A8820067BA31 /* TestFiles in Resources */,
			);
			runOnlyForDeploymentPostprocessing = 0;
		};
		5CEF592823749ABE0067BA31 /* Resources */ = {
			isa = PBXResourcesBuildPhase;
			buildActionMask = 2147483647;
			files = (
			);
			runOnlyForDeploymentPostprocessing = 0;
		};
/* End PBXResourcesBuildPhase section */

/* Begin PBXSourcesBuildPhase section */
		5CEF590923749ABD0067BA31 /* Sources */ = {
			isa = PBXSourcesBuildPhase;
			buildActionMask = 2147483647;
			files = (
				5CEF594D2374A1B70067BA31 /* ConsoleIO.swift in Sources */,
				5CEF591323749ABD0067BA31 /* ViewController.swift in Sources */,
				5CEF591123749ABD0067BA31 /* AppDelegate.swift in Sources */,
				5CEF59462374A0D40067BA31 /* Playlist.swift in Sources */,
				5CEF59482374A13B0067BA31 /* Track.swift in Sources */,
				5C58400A23872B0600D70D0E /* FileTypes.swift in Sources */,
			);
			runOnlyForDeploymentPostprocessing = 0;
		};
		5CEF591B23749ABE0067BA31 /* Sources */ = {
			isa = PBXSourcesBuildPhase;
			buildActionMask = 2147483647;
			files = (
				5CEF5951237609CF0067BA31 /* TrackTests.swift in Sources */,
				5CEF592423749ABE0067BA31 /* SyncTunesTests.swift in Sources */,
				5CEF594A2374A15F0067BA31 /* PlaylistTests.swift in Sources */,
				5C58400C23884B7C00D70D0E /* FileTypesTests.swift in Sources */,
			);
			runOnlyForDeploymentPostprocessing = 0;
		};
		5CEF592623749ABE0067BA31 /* Sources */ = {
			isa = PBXSourcesBuildPhase;
			buildActionMask = 2147483647;
			files = (
				5CEF592F23749ABE0067BA31 /* SyncTunesUITests.swift in Sources */,
			);
			runOnlyForDeploymentPostprocessing = 0;
		};
/* End PBXSourcesBuildPhase section */

/* Begin PBXTargetDependency section */
		5CEF592123749ABE0067BA31 /* PBXTargetDependency */ = {
			isa = PBXTargetDependency;
			target = 5CEF590C23749ABD0067BA31 /* SyncTunes */;
			targetProxy = 5CEF592023749ABE0067BA31 /* PBXContainerItemProxy */;
		};
		5CEF592C23749ABE0067BA31 /* PBXTargetDependency */ = {
			isa = PBXTargetDependency;
			target = 5CEF590C23749ABD0067BA31 /* SyncTunes */;
			targetProxy = 5CEF592B23749ABE0067BA31 /* PBXContainerItemProxy */;
		};
/* End PBXTargetDependency section */

/* Begin PBXVariantGroup section */
		5CEF591623749ABE0067BA31 /* Main.storyboard */ = {
			isa = PBXVariantGroup;
			children = (
				5CEF591723749ABE0067BA31 /* Base */,
			);
			name = Main.storyboard;
			sourceTree = "<group>";
		};
/* End PBXVariantGroup section */

/* Begin XCBuildConfiguration section */
		5CEF593123749ABE0067BA31 /* Debug */ = {
			isa = XCBuildConfiguration;
			buildSettings = {
				ALWAYS_SEARCH_USER_PATHS = NO;
				CLANG_ANALYZER_NONNULL = YES;
				CLANG_ANALYZER_NUMBER_OBJECT_CONVERSION = YES_AGGRESSIVE;
				CLANG_CXX_LANGUAGE_STANDARD = "gnu++14";
				CLANG_CXX_LIBRARY = "libc++";
				CLANG_ENABLE_MODULES = YES;
				CLANG_ENABLE_OBJC_ARC = YES;
				CLANG_ENABLE_OBJC_WEAK = YES;
				CLANG_WARN_BLOCK_CAPTURE_AUTORELEASING = YES;
				CLANG_WARN_BOOL_CONVERSION = YES;
				CLANG_WARN_COMMA = YES;
				CLANG_WARN_CONSTANT_CONVERSION = YES;
				CLANG_WARN_DEPRECATED_OBJC_IMPLEMENTATIONS = YES;
				CLANG_WARN_DIRECT_OBJC_ISA_USAGE = YES_ERROR;
				CLANG_WARN_DOCUMENTATION_COMMENTS = YES;
				CLANG_WARN_EMPTY_BODY = YES;
				CLANG_WARN_ENUM_CONVERSION = YES;
				CLANG_WARN_INFINITE_RECURSION = YES;
				CLANG_WARN_INT_CONVERSION = YES;
				CLANG_WARN_NON_LITERAL_NULL_CONVERSION = YES;
				CLANG_WARN_OBJC_IMPLICIT_RETAIN_SELF = YES;
				CLANG_WARN_OBJC_LITERAL_CONVERSION = YES;
				CLANG_WARN_OBJC_ROOT_CLASS = YES_ERROR;
				CLANG_WARN_RANGE_LOOP_ANALYSIS = YES;
				CLANG_WARN_STRICT_PROTOTYPES = YES;
				CLANG_WARN_SUSPICIOUS_MOVE = YES;
				CLANG_WARN_UNGUARDED_AVAILABILITY = YES_AGGRESSIVE;
				CLANG_WARN_UNREACHABLE_CODE = YES;
				CLANG_WARN__DUPLICATE_METHOD_MATCH = YES;
				COPY_PHASE_STRIP = NO;
				DEBUG_INFORMATION_FORMAT = dwarf;
				ENABLE_STRICT_OBJC_MSGSEND = YES;
				ENABLE_TESTABILITY = YES;
				GCC_C_LANGUAGE_STANDARD = gnu11;
				GCC_DYNAMIC_NO_PIC = NO;
				GCC_NO_COMMON_BLOCKS = YES;
				GCC_OPTIMIZATION_LEVEL = 0;
				GCC_PREPROCESSOR_DEFINITIONS = (
					"DEBUG=1",
					"$(inherited)",
				);
				GCC_WARN_64_TO_32_BIT_CONVERSION = YES;
				GCC_WARN_ABOUT_RETURN_TYPE = YES_ERROR;
				GCC_WARN_UNDECLARED_SELECTOR = YES;
				GCC_WARN_UNINITIALIZED_AUTOS = YES_AGGRESSIVE;
				GCC_WARN_UNUSED_FUNCTION = YES;
				GCC_WARN_UNUSED_VARIABLE = YES;
				MACOSX_DEPLOYMENT_TARGET = 10.14;
				MTL_ENABLE_DEBUG_INFO = INCLUDE_SOURCE;
				MTL_FAST_MATH = YES;
				ONLY_ACTIVE_ARCH = YES;
				SDKROOT = macosx;
				SWIFT_ACTIVE_COMPILATION_CONDITIONS = DEBUG;
				SWIFT_OPTIMIZATION_LEVEL = "-Onone";
			};
			name = Debug;
		};
		5CEF593223749ABE0067BA31 /* Release */ = {
			isa = XCBuildConfiguration;
			buildSettings = {
				ALWAYS_SEARCH_USER_PATHS = NO;
				CLANG_ANALYZER_NONNULL = YES;
				CLANG_ANALYZER_NUMBER_OBJECT_CONVERSION = YES_AGGRESSIVE;
				CLANG_CXX_LANGUAGE_STANDARD = "gnu++14";
				CLANG_CXX_LIBRARY = "libc++";
				CLANG_ENABLE_MODULES = YES;
				CLANG_ENABLE_OBJC_ARC = YES;
				CLANG_ENABLE_OBJC_WEAK = YES;
				CLANG_WARN_BLOCK_CAPTURE_AUTORELEASING = YES;
				CLANG_WARN_BOOL_CONVERSION = YES;
				CLANG_WARN_COMMA = YES;
				CLANG_WARN_CONSTANT_CONVERSION = YES;
				CLANG_WARN_DEPRECATED_OBJC_IMPLEMENTATIONS = YES;
				CLANG_WARN_DIRECT_OBJC_ISA_USAGE = YES_ERROR;
				CLANG_WARN_DOCUMENTATION_COMMENTS = YES;
				CLANG_WARN_EMPTY_BODY = YES;
				CLANG_WARN_ENUM_CONVERSION = YES;
				CLANG_WARN_INFINITE_RECURSION = YES;
				CLANG_WARN_INT_CONVERSION = YES;
				CLANG_WARN_NON_LITERAL_NULL_CONVERSION = YES;
				CLANG_WARN_OBJC_IMPLICIT_RETAIN_SELF = YES;
				CLANG_WARN_OBJC_LITERAL_CONVERSION = YES;
				CLANG_WARN_OBJC_ROOT_CLASS = YES_ERROR;
				CLANG_WARN_RANGE_LOOP_ANALYSIS = YES;
				CLANG_WARN_STRICT_PROTOTYPES = YES;
				CLANG_WARN_SUSPICIOUS_MOVE = YES;
				CLANG_WARN_UNGUARDED_AVAILABILITY = YES_AGGRESSIVE;
				CLANG_WARN_UNREACHABLE_CODE = YES;
				CLANG_WARN__DUPLICATE_METHOD_MATCH = YES;
				COPY_PHASE_STRIP = NO;
				DEBUG_INFORMATION_FORMAT = "dwarf-with-dsym";
				ENABLE_NS_ASSERTIONS = NO;
				ENABLE_STRICT_OBJC_MSGSEND = YES;
				GCC_C_LANGUAGE_STANDARD = gnu11;
				GCC_NO_COMMON_BLOCKS = YES;
				GCC_WARN_64_TO_32_BIT_CONVERSION = YES;
				GCC_WARN_ABOUT_RETURN_TYPE = YES_ERROR;
				GCC_WARN_UNDECLARED_SELECTOR = YES;
				GCC_WARN_UNINITIALIZED_AUTOS = YES_AGGRESSIVE;
				GCC_WARN_UNUSED_FUNCTION = YES;
				GCC_WARN_UNUSED_VARIABLE = YES;
				MACOSX_DEPLOYMENT_TARGET = 10.14;
				MTL_ENABLE_DEBUG_INFO = NO;
				MTL_FAST_MATH = YES;
				SDKROOT = macosx;
				SWIFT_COMPILATION_MODE = wholemodule;
				SWIFT_OPTIMIZATION_LEVEL = "-O";
			};
			name = Release;
		};
		5CEF593423749ABE0067BA31 /* Debug */ = {
			isa = XCBuildConfiguration;
			buildSettings = {
				ASSETCATALOG_COMPILER_APPICON_NAME = AppIcon;
				CODE_SIGN_ENTITLEMENTS = SyncTunes/SyncTunes.entitlements;
				CODE_SIGN_STYLE = Automatic;
				COMBINE_HIDPI_IMAGES = YES;
				DEVELOPMENT_TEAM = "";
				ENABLE_HARDENED_RUNTIME = YES;
				INFOPLIST_FILE = SyncTunes/Info.plist;
				LD_RUNPATH_SEARCH_PATHS = (
					"$(inherited)",
					"@executable_path/../Frameworks",
				);
				PRODUCT_BUNDLE_IDENTIFIER = me.buhler.SyncTunes;
				PRODUCT_NAME = "$(TARGET_NAME)";
				SWIFT_VERSION = 5.0;
				VERSIONING_SYSTEM = "apple-generic";
			};
			name = Debug;
		};
		5CEF593523749ABE0067BA31 /* Release */ = {
			isa = XCBuildConfiguration;
			buildSettings = {
				ASSETCATALOG_COMPILER_APPICON_NAME = AppIcon;
				CODE_SIGN_ENTITLEMENTS = SyncTunes/SyncTunes.entitlements;
				CODE_SIGN_STYLE = Automatic;
				COMBINE_HIDPI_IMAGES = YES;
				DEVELOPMENT_TEAM = "";
				ENABLE_HARDENED_RUNTIME = YES;
				INFOPLIST_FILE = SyncTunes/Info.plist;
				LD_RUNPATH_SEARCH_PATHS = (
					"$(inherited)",
					"@executable_path/../Frameworks",
				);
				PRODUCT_BUNDLE_IDENTIFIER = me.buhler.SyncTunes;
				PRODUCT_NAME = "$(TARGET_NAME)";
				SWIFT_VERSION = 5.0;
				VERSIONING_SYSTEM = "apple-generic";
			};
			name = Release;
		};
		5CEF593723749ABE0067BA31 /* Debug */ = {
			isa = XCBuildConfiguration;
			buildSettings = {
				ALWAYS_EMBED_SWIFT_STANDARD_LIBRARIES = YES;
				BUNDLE_LOADER = "$(TEST_HOST)";
				CODE_SIGN_STYLE = Automatic;
				COMBINE_HIDPI_IMAGES = YES;
				DEVELOPMENT_TEAM = 5QZXV9E6SU;
				INFOPLIST_FILE = SyncTunesTests/Info.plist;
				LD_RUNPATH_SEARCH_PATHS = (
					"$(inherited)",
					"@executable_path/../Frameworks",
					"@loader_path/../Frameworks",
				);
				MACOSX_DEPLOYMENT_TARGET = 10.14;
				PRODUCT_BUNDLE_IDENTIFIER = me.buhler.SyncTunesTests;
				PRODUCT_NAME = "$(TARGET_NAME)";
				SWIFT_VERSION = 5.0;
				TEST_HOST = "$(BUILT_PRODUCTS_DIR)/SyncTunes.app/Contents/MacOS/SyncTunes";
			};
			name = Debug;
		};
		5CEF593823749ABE0067BA31 /* Release */ = {
			isa = XCBuildConfiguration;
			buildSettings = {
				ALWAYS_EMBED_SWIFT_STANDARD_LIBRARIES = YES;
				BUNDLE_LOADER = "$(TEST_HOST)";
				CODE_SIGN_STYLE = Automatic;
				COMBINE_HIDPI_IMAGES = YES;
				DEVELOPMENT_TEAM = 5QZXV9E6SU;
				INFOPLIST_FILE = SyncTunesTests/Info.plist;
				LD_RUNPATH_SEARCH_PATHS = (
					"$(inherited)",
					"@executable_path/../Frameworks",
					"@loader_path/../Frameworks",
				);
				MACOSX_DEPLOYMENT_TARGET = 10.14;
				PRODUCT_BUNDLE_IDENTIFIER = me.buhler.SyncTunesTests;
				PRODUCT_NAME = "$(TARGET_NAME)";
				SWIFT_VERSION = 5.0;
				TEST_HOST = "$(BUILT_PRODUCTS_DIR)/SyncTunes.app/Contents/MacOS/SyncTunes";
			};
			name = Release;
		};
		5CEF593A23749ABE0067BA31 /* Debug */ = {
			isa = XCBuildConfiguration;
			buildSettings = {
				ALWAYS_EMBED_SWIFT_STANDARD_LIBRARIES = YES;
				CODE_SIGN_STYLE = Automatic;
				COMBINE_HIDPI_IMAGES = YES;
				DEVELOPMENT_TEAM = 5QZXV9E6SU;
				INFOPLIST_FILE = SyncTunesUITests/Info.plist;
				LD_RUNPATH_SEARCH_PATHS = (
					"$(inherited)",
					"@executable_path/../Frameworks",
					"@loader_path/../Frameworks",
				);
				PRODUCT_BUNDLE_IDENTIFIER = me.buhler.SyncTunesUITests;
				PRODUCT_NAME = "$(TARGET_NAME)";
				SWIFT_VERSION = 5.0;
				TEST_TARGET_NAME = SyncTunes;
			};
			name = Debug;
		};
		5CEF593B23749ABE0067BA31 /* Release */ = {
			isa = XCBuildConfiguration;
			buildSettings = {
				ALWAYS_EMBED_SWIFT_STANDARD_LIBRARIES = YES;
				CODE_SIGN_STYLE = Automatic;
				COMBINE_HIDPI_IMAGES = YES;
				DEVELOPMENT_TEAM = 5QZXV9E6SU;
				INFOPLIST_FILE = SyncTunesUITests/Info.plist;
				LD_RUNPATH_SEARCH_PATHS = (
					"$(inherited)",
					"@executable_path/../Frameworks",
					"@loader_path/../Frameworks",
				);
				PRODUCT_BUNDLE_IDENTIFIER = me.buhler.SyncTunesUITests;
				PRODUCT_NAME = "$(TARGET_NAME)";
				SWIFT_VERSION = 5.0;
				TEST_TARGET_NAME = SyncTunes;
			};
			name = Release;
		};
/* End XCBuildConfiguration section */

/* Begin XCConfigurationList section */
		5CEF590823749ABD0067BA31 /* Build configuration list for PBXProject "SyncTunes" */ = {
			isa = XCConfigurationList;
			buildConfigurations = (
				5CEF593123749ABE0067BA31 /* Debug */,
				5CEF593223749ABE0067BA31 /* Release */,
			);
			defaultConfigurationIsVisible = 0;
			defaultConfigurationName = Release;
		};
		5CEF593323749ABE0067BA31 /* Build configuration list for PBXNativeTarget "SyncTunes" */ = {
			isa = XCConfigurationList;
			buildConfigurations = (
				5CEF593423749ABE0067BA31 /* Debug */,
				5CEF593523749ABE0067BA31 /* Release */,
			);
			defaultConfigurationIsVisible = 0;
			defaultConfigurationName = Release;
		};
		5CEF593623749ABE0067BA31 /* Build configuration list for PBXNativeTarget "SyncTunesTests" */ = {
			isa = XCConfigurationList;
			buildConfigurations = (
				5CEF593723749ABE0067BA31 /* Debug */,
				5CEF593823749ABE0067BA31 /* Release */,
			);
			defaultConfigurationIsVisible = 0;
			defaultConfigurationName = Release;
		};
		5CEF593923749ABE0067BA31 /* Build configuration list for PBXNativeTarget "SyncTunesUITests" */ = {
			isa = XCConfigurationList;
			buildConfigurations = (
				5CEF593A23749ABE0067BA31 /* Debug */,
				5CEF593B23749ABE0067BA31 /* Release */,
			);
			defaultConfigurationIsVisible = 0;
			defaultConfigurationName = Release;
		};
/* End XCConfigurationList section */

/* Begin XCRemoteSwiftPackageReference section */
		5CEF593C23749B8C0067BA31 /* XCRemoteSwiftPackageReference "RevHash.swift" */ = {
			isa = XCRemoteSwiftPackageReference;
			repositoryURL = "git@github.com:LinusU/RevHash.swift.git";
			requirement = {
				kind = upToNextMajorVersion;
				minimumVersion = 1.0.0;
			};
		};
		5CEF593F23749C280067BA31 /* XCRemoteSwiftPackageReference "DifferenceKit" */ = {
			isa = XCRemoteSwiftPackageReference;
			repositoryURL = "git@github.com:ra1028/DifferenceKit.git";
			requirement = {
				kind = upToNextMajorVersion;
				minimumVersion = 1.1.3;
			};
		};
/* End XCRemoteSwiftPackageReference section */

/* Begin XCSwiftPackageProductDependency section */
		5CEF593D23749B8C0067BA31 /* RevHash */ = {
			isa = XCSwiftPackageProductDependency;
			package = 5CEF593C23749B8C0067BA31 /* XCRemoteSwiftPackageReference "RevHash.swift" */;
			productName = RevHash;
		};
		5CEF594023749C280067BA31 /* DifferenceKit */ = {
			isa = XCSwiftPackageProductDependency;
			package = 5CEF593F23749C280067BA31 /* XCRemoteSwiftPackageReference "DifferenceKit" */;
			productName = DifferenceKit;
		};
/* End XCSwiftPackageProductDependency section */
	};
	rootObject = 5CEF590523749ABD0067BA31 /* Project object */;
}
